
Microsoft Visual Studio Solution File, Format Version 12.00
# Visual Studio Version 17
VisualStudioVersion = 17.11.35222.181
MinimumVisualStudioVersion = 10.0.40219.1
Project("{FAE04EC0-301F-11D3-BF4B-00C04F79EFBC}") = "Trabajo_2", "Trabajo_2.csproj", "{2F4B35E7-614C-4CFD-8AF5-FEC1AE11603B}"
EndProject
Global
	GlobalSection(SolutionConfigurationPlatforms) = preSolution
		Debug|Any CPU = Debug|Any CPU
		Release|Any CPU = Release|Any CPU
	EndGlobalSection
	GlobalSection(ProjectConfigurationPlatforms) = postSolution
		{2F4B35E7-614C-4CFD-8AF5-FEC1AE11603B}.Debug|Any CPU.ActiveCfg = Debug|Any CPU
		{2F4B35E7-614C-4CFD-8AF5-FEC1AE11603B}.Debug|Any CPU.Build.0 = Debug|Any CPU
		{2F4B35E7-614C-4CFD-8AF5-FEC1AE11603B}.Release|Any CPU.ActiveCfg = Release|Any CPU
		{2F4B35E7-614C-4CFD-8AF5-FEC1AE11603B}.Release|Any CPU.Build.0 = Release|Any CPU
	EndGlobalSection
	GlobalSection(SolutionProperties) = preSolution
		HideSolutionNode = FALSE
	EndGlobalSection
	GlobalSection(ExtensibilityGlobals) = postSolution
		SolutionGuid = {661AF5F3-A89C-494B-9979-13AB743ABCC6}
	EndGlobalSection
EndGlobal
